
Microsoft Visual Studio Solution File, Format Version 12.00
# Visual Studio Version 16
VisualStudioVersion = 16.0.29926.136
MinimumVisualStudioVersion = 10.0.40219.1
Project("{FAE04EC0-301F-11D3-BF4B-00C04F79EFBC}") = "TestProject", "TestProject\TestProject.csproj", "{37F73E7E-5B6E-4E83-884E-9F29EBE4F159}"
EndProject
Global
	GlobalSection(SolutionConfigurationPlatforms) = preSolution
		Debug|Any CPU = Debug|Any CPU
		Release|Any CPU = Release|Any CPU
	EndGlobalSection
	GlobalSection(ProjectConfigurationPlatforms) = postSolution
		{37F73E7E-5B6E-4E83-884E-9F29EBE4F159}.Debug|Any CPU.ActiveCfg = Debug|Any CPU
		{37F73E7E-5B6E-4E83-884E-9F29EBE4F159}.Debug|Any CPU.Build.0 = Debug|Any CPU
		{37F73E7E-5B6E-4E83-884E-9F29EBE4F159}.Release|Any CPU.ActiveCfg = Release|Any CPU
		{37F73E7E-5B6E-4E83-884E-9F29EBE4F159}.Release|Any CPU.Build.0 = Release|Any CPU
	EndGlobalSection
	GlobalSection(SolutionProperties) = preSolution
		HideSolutionNode = FALSE
	EndGlobalSection
	GlobalSection(ExtensibilityGlobals) = postSolution
		SolutionGuid = {5B731CB4-A28F-4370-A379-7A7B1C98342A}
	EndGlobalSection
EndGlobal
